
Microsoft Visual Studio Solution File, Format Version 11.00
# Visual Studio 2010
Project("{8BC9CEB8-8B4A-11D0-8D11-00A0C91BC942}") = "WangYi2", "WangYi2\WangYi2.vcxproj", "{AA17CA2C-466F-4330-8A5F-786BD79F5CBC}"
EndProject
Global
	GlobalSection(SolutionConfigurationPlatforms) = preSolution
		Debug|Win32 = Debug|Win32
		Release|Win32 = Release|Win32
	EndGlobalSection
	GlobalSection(ProjectConfigurationPlatforms) = postSolution
		{AA17CA2C-466F-4330-8A5F-786BD79F5CBC}.Debug|Win32.ActiveCfg = Debug|Win32
		{AA17CA2C-466F-4330-8A5F-786BD79F5CBC}.Debug|Win32.Build.0 = Debug|Win32
		{AA17CA2C-466F-4330-8A5F-786BD79F5CBC}.Release|Win32.ActiveCfg = Release|Win32
		{AA17CA2C-466F-4330-8A5F-786BD79F5CBC}.Release|Win32.Build.0 = Release|Win32
	EndGlobalSection
	GlobalSection(SolutionProperties) = preSolution
		HideSolutionNode = FALSE
	EndGlobalSection
EndGlobal
