
Microsoft Visual Studio Solution File, Format Version 11.00
# Visual Studio 2010
Project("{8BC9CEB8-8B4A-11D0-8D11-00A0C91BC942}") = "SumOf1toN", "SumOf1toN\SumOf1toN.vcxproj", "{8246F251-DFE9-4FC9-A872-8F7427EB6025}"
EndProject
Global
	GlobalSection(SolutionConfigurationPlatforms) = preSolution
		Debug|Win32 = Debug|Win32
		Release|Win32 = Release|Win32
	EndGlobalSection
	GlobalSection(ProjectConfigurationPlatforms) = postSolution
		{8246F251-DFE9-4FC9-A872-8F7427EB6025}.Debug|Win32.ActiveCfg = Debug|Win32
		{8246F251-DFE9-4FC9-A872-8F7427EB6025}.Debug|Win32.Build.0 = Debug|Win32
		{8246F251-DFE9-4FC9-A872-8F7427EB6025}.Release|Win32.ActiveCfg = Release|Win32
		{8246F251-DFE9-4FC9-A872-8F7427EB6025}.Release|Win32.Build.0 = Release|Win32
	EndGlobalSection
	GlobalSection(SolutionProperties) = preSolution
		HideSolutionNode = FALSE
	EndGlobalSection
EndGlobal
