
Microsoft Visual Studio Solution File, Format Version 11.00
# Visual Studio 2010
Project("{8BC9CEB8-8B4A-11D0-8D11-00A0C91BC942}") = "size_test", "size_test\size_test.vcxproj", "{36B6756B-4420-4B6D-A1EE-1208E6718525}"
EndProject
Global
	GlobalSection(SolutionConfigurationPlatforms) = preSolution
		Debug|Win32 = Debug|Win32
		Release|Win32 = Release|Win32
	EndGlobalSection
	GlobalSection(ProjectConfigurationPlatforms) = postSolution
		{36B6756B-4420-4B6D-A1EE-1208E6718525}.Debug|Win32.ActiveCfg = Debug|Win32
		{36B6756B-4420-4B6D-A1EE-1208E6718525}.Debug|Win32.Build.0 = Debug|Win32
		{36B6756B-4420-4B6D-A1EE-1208E6718525}.Release|Win32.ActiveCfg = Release|Win32
		{36B6756B-4420-4B6D-A1EE-1208E6718525}.Release|Win32.Build.0 = Release|Win32
	EndGlobalSection
	GlobalSection(SolutionProperties) = preSolution
		HideSolutionNode = FALSE
	EndGlobalSection
EndGlobal
