
Microsoft Visual Studio Solution File, Format Version 11.00
# Visual Studio 2010
Project("{8BC9CEB8-8B4A-11D0-8D11-00A0C91BC942}") = "DJ1", "DJ1\DJ1.vcxproj", "{76EFA8E1-E350-4AD5-A93F-08525B5A38CF}"
EndProject
Global
	GlobalSection(SolutionConfigurationPlatforms) = preSolution
		Debug|Win32 = Debug|Win32
		Release|Win32 = Release|Win32
	EndGlobalSection
	GlobalSection(ProjectConfigurationPlatforms) = postSolution
		{76EFA8E1-E350-4AD5-A93F-08525B5A38CF}.Debug|Win32.ActiveCfg = Debug|Win32
		{76EFA8E1-E350-4AD5-A93F-08525B5A38CF}.Debug|Win32.Build.0 = Debug|Win32
		{76EFA8E1-E350-4AD5-A93F-08525B5A38CF}.Release|Win32.ActiveCfg = Release|Win32
		{76EFA8E1-E350-4AD5-A93F-08525B5A38CF}.Release|Win32.Build.0 = Release|Win32
	EndGlobalSection
	GlobalSection(SolutionProperties) = preSolution
		HideSolutionNode = FALSE
	EndGlobalSection
EndGlobal
