
Microsoft Visual Studio Solution File, Format Version 11.00
# Visual Studio 2010
Project("{8BC9CEB8-8B4A-11D0-8D11-00A0C91BC942}") = "demo2", "demo2\demo2.vcxproj", "{F8B313EA-3B06-438E-8D90-EEA22B80B05E}"
EndProject
Global
	GlobalSection(SolutionConfigurationPlatforms) = preSolution
		Debug|Win32 = Debug|Win32
		Release|Win32 = Release|Win32
	EndGlobalSection
	GlobalSection(ProjectConfigurationPlatforms) = postSolution
		{F8B313EA-3B06-438E-8D90-EEA22B80B05E}.Debug|Win32.ActiveCfg = Debug|Win32
		{F8B313EA-3B06-438E-8D90-EEA22B80B05E}.Debug|Win32.Build.0 = Debug|Win32
		{F8B313EA-3B06-438E-8D90-EEA22B80B05E}.Release|Win32.ActiveCfg = Release|Win32
		{F8B313EA-3B06-438E-8D90-EEA22B80B05E}.Release|Win32.Build.0 = Release|Win32
	EndGlobalSection
	GlobalSection(SolutionProperties) = preSolution
		HideSolutionNode = FALSE
	EndGlobalSection
EndGlobal
