
Microsoft Visual Studio Solution File, Format Version 11.00
# Visual Studio 2010
Project("{8BC9CEB8-8B4A-11D0-8D11-00A0C91BC942}") = "resize_reserve_test", "resize_reserve_test\resize_reserve_test.vcxproj", "{62C72A6C-C77E-419C-8549-D97E8F5B3F94}"
EndProject
Global
	GlobalSection(SolutionConfigurationPlatforms) = preSolution
		Debug|Win32 = Debug|Win32
		Release|Win32 = Release|Win32
	EndGlobalSection
	GlobalSection(ProjectConfigurationPlatforms) = postSolution
		{62C72A6C-C77E-419C-8549-D97E8F5B3F94}.Debug|Win32.ActiveCfg = Debug|Win32
		{62C72A6C-C77E-419C-8549-D97E8F5B3F94}.Debug|Win32.Build.0 = Debug|Win32
		{62C72A6C-C77E-419C-8549-D97E8F5B3F94}.Release|Win32.ActiveCfg = Release|Win32
		{62C72A6C-C77E-419C-8549-D97E8F5B3F94}.Release|Win32.Build.0 = Release|Win32
	EndGlobalSection
	GlobalSection(SolutionProperties) = preSolution
		HideSolutionNode = FALSE
	EndGlobalSection
EndGlobal
