
Microsoft Visual Studio Solution File, Format Version 11.00
# Visual Studio 2010
Project("{8BC9CEB8-8B4A-11D0-8D11-00A0C91BC942}") = "Tree_Non_Recur", "Tree_Non_Recur\Tree_Non_Recur.vcxproj", "{DA51A800-CED1-409D-AFB6-2FAC272BCE89}"
EndProject
Global
	GlobalSection(SolutionConfigurationPlatforms) = preSolution
		Debug|Win32 = Debug|Win32
		Release|Win32 = Release|Win32
	EndGlobalSection
	GlobalSection(ProjectConfigurationPlatforms) = postSolution
		{DA51A800-CED1-409D-AFB6-2FAC272BCE89}.Debug|Win32.ActiveCfg = Debug|Win32
		{DA51A800-CED1-409D-AFB6-2FAC272BCE89}.Debug|Win32.Build.0 = Debug|Win32
		{DA51A800-CED1-409D-AFB6-2FAC272BCE89}.Release|Win32.ActiveCfg = Release|Win32
		{DA51A800-CED1-409D-AFB6-2FAC272BCE89}.Release|Win32.Build.0 = Release|Win32
	EndGlobalSection
	GlobalSection(SolutionProperties) = preSolution
		HideSolutionNode = FALSE
	EndGlobalSection
EndGlobal
