
Microsoft Visual Studio Solution File, Format Version 11.00
# Visual Studio 2010
Project("{8BC9CEB8-8B4A-11D0-8D11-00A0C91BC942}") = "Tecent1", "Tecent1\Tecent1.vcxproj", "{9B1BEABC-C7FD-44F2-9019-E2561977228B}"
EndProject
Global
	GlobalSection(SolutionConfigurationPlatforms) = preSolution
		Debug|Win32 = Debug|Win32
		Release|Win32 = Release|Win32
	EndGlobalSection
	GlobalSection(ProjectConfigurationPlatforms) = postSolution
		{9B1BEABC-C7FD-44F2-9019-E2561977228B}.Debug|Win32.ActiveCfg = Debug|Win32
		{9B1BEABC-C7FD-44F2-9019-E2561977228B}.Debug|Win32.Build.0 = Debug|Win32
		{9B1BEABC-C7FD-44F2-9019-E2561977228B}.Release|Win32.ActiveCfg = Release|Win32
		{9B1BEABC-C7FD-44F2-9019-E2561977228B}.Release|Win32.Build.0 = Release|Win32
	EndGlobalSection
	GlobalSection(SolutionProperties) = preSolution
		HideSolutionNode = FALSE
	EndGlobalSection
EndGlobal
