
Microsoft Visual Studio Solution File, Format Version 11.00
# Visual Studio 2010
Project("{8BC9CEB8-8B4A-11D0-8D11-00A0C91BC942}") = "Tree_Serialize", "Tree_Serialize\Tree_Serialize.vcxproj", "{1CD6A0FF-E590-4593-AC35-2568D6FA5C56}"
EndProject
Global
	GlobalSection(SolutionConfigurationPlatforms) = preSolution
		Debug|Win32 = Debug|Win32
		Release|Win32 = Release|Win32
	EndGlobalSection
	GlobalSection(ProjectConfigurationPlatforms) = postSolution
		{1CD6A0FF-E590-4593-AC35-2568D6FA5C56}.Debug|Win32.ActiveCfg = Debug|Win32
		{1CD6A0FF-E590-4593-AC35-2568D6FA5C56}.Debug|Win32.Build.0 = Debug|Win32
		{1CD6A0FF-E590-4593-AC35-2568D6FA5C56}.Release|Win32.ActiveCfg = Release|Win32
		{1CD6A0FF-E590-4593-AC35-2568D6FA5C56}.Release|Win32.Build.0 = Release|Win32
	EndGlobalSection
	GlobalSection(SolutionProperties) = preSolution
		HideSolutionNode = FALSE
	EndGlobalSection
EndGlobal
