
Microsoft Visual Studio Solution File, Format Version 11.00
# Visual Studio 2010
Project("{8BC9CEB8-8B4A-11D0-8D11-00A0C91BC942}") = "Interview1", "Interview1\Interview1.vcxproj", "{400487D8-FC1F-4ECA-AF9B-7CC74A1AF770}"
EndProject
Global
	GlobalSection(SolutionConfigurationPlatforms) = preSolution
		Debug|Win32 = Debug|Win32
		Release|Win32 = Release|Win32
	EndGlobalSection
	GlobalSection(ProjectConfigurationPlatforms) = postSolution
		{400487D8-FC1F-4ECA-AF9B-7CC74A1AF770}.Debug|Win32.ActiveCfg = Debug|Win32
		{400487D8-FC1F-4ECA-AF9B-7CC74A1AF770}.Debug|Win32.Build.0 = Debug|Win32
		{400487D8-FC1F-4ECA-AF9B-7CC74A1AF770}.Release|Win32.ActiveCfg = Release|Win32
		{400487D8-FC1F-4ECA-AF9B-7CC74A1AF770}.Release|Win32.Build.0 = Release|Win32
	EndGlobalSection
	GlobalSection(SolutionProperties) = preSolution
		HideSolutionNode = FALSE
	EndGlobalSection
EndGlobal
