
Microsoft Visual Studio Solution File, Format Version 11.00
# Visual Studio 2010
Project("{8BC9CEB8-8B4A-11D0-8D11-00A0C91BC942}") = "Shenxinfu", "Shenxinfu\Shenxinfu.vcxproj", "{7D02BA0C-A976-41B1-B0FA-AB9963B43AEC}"
EndProject
Global
	GlobalSection(SolutionConfigurationPlatforms) = preSolution
		Debug|Win32 = Debug|Win32
		Release|Win32 = Release|Win32
	EndGlobalSection
	GlobalSection(ProjectConfigurationPlatforms) = postSolution
		{7D02BA0C-A976-41B1-B0FA-AB9963B43AEC}.Debug|Win32.ActiveCfg = Debug|Win32
		{7D02BA0C-A976-41B1-B0FA-AB9963B43AEC}.Debug|Win32.Build.0 = Debug|Win32
		{7D02BA0C-A976-41B1-B0FA-AB9963B43AEC}.Release|Win32.ActiveCfg = Release|Win32
		{7D02BA0C-A976-41B1-B0FA-AB9963B43AEC}.Release|Win32.Build.0 = Release|Win32
	EndGlobalSection
	GlobalSection(SolutionProperties) = preSolution
		HideSolutionNode = FALSE
	EndGlobalSection
EndGlobal
