
Microsoft Visual Studio Solution File, Format Version 11.00
# Visual Studio 2010
Project("{8BC9CEB8-8B4A-11D0-8D11-00A0C91BC942}") = "JD2", "JD2\JD2.vcxproj", "{C12FDB52-1D55-4A17-8D90-FDCAA1A31D57}"
EndProject
Global
	GlobalSection(SolutionConfigurationPlatforms) = preSolution
		Debug|Win32 = Debug|Win32
		Release|Win32 = Release|Win32
	EndGlobalSection
	GlobalSection(ProjectConfigurationPlatforms) = postSolution
		{C12FDB52-1D55-4A17-8D90-FDCAA1A31D57}.Debug|Win32.ActiveCfg = Debug|Win32
		{C12FDB52-1D55-4A17-8D90-FDCAA1A31D57}.Debug|Win32.Build.0 = Debug|Win32
		{C12FDB52-1D55-4A17-8D90-FDCAA1A31D57}.Release|Win32.ActiveCfg = Release|Win32
		{C12FDB52-1D55-4A17-8D90-FDCAA1A31D57}.Release|Win32.Build.0 = Release|Win32
	EndGlobalSection
	GlobalSection(SolutionProperties) = preSolution
		HideSolutionNode = FALSE
	EndGlobalSection
EndGlobal
