
Microsoft Visual Studio Solution File, Format Version 11.00
# Visual Studio 2010
Project("{8BC9CEB8-8B4A-11D0-8D11-00A0C91BC942}") = "Toutiao5", "Toutiao5\Toutiao5.vcxproj", "{33EC99EB-8572-48D0-9559-0573D2F2767D}"
EndProject
Global
	GlobalSection(SolutionConfigurationPlatforms) = preSolution
		Debug|Win32 = Debug|Win32
		Release|Win32 = Release|Win32
	EndGlobalSection
	GlobalSection(ProjectConfigurationPlatforms) = postSolution
		{33EC99EB-8572-48D0-9559-0573D2F2767D}.Debug|Win32.ActiveCfg = Debug|Win32
		{33EC99EB-8572-48D0-9559-0573D2F2767D}.Debug|Win32.Build.0 = Debug|Win32
		{33EC99EB-8572-48D0-9559-0573D2F2767D}.Release|Win32.ActiveCfg = Release|Win32
		{33EC99EB-8572-48D0-9559-0573D2F2767D}.Release|Win32.Build.0 = Release|Win32
	EndGlobalSection
	GlobalSection(SolutionProperties) = preSolution
		HideSolutionNode = FALSE
	EndGlobalSection
EndGlobal
